
Microsoft Visual Studio Solution File, Format Version 12.00
# Visual Studio Version 17
VisualStudioVersion = 17.5.002.0
MinimumVisualStudioVersion = 10.0.40219.1
Project("{9A19103F-16F7-4668-BE54-9A1E7A4F7556}") = "Assignment 6", "Assignment 6.csproj", "{DD320C7B-D68C-4DF1-A744-FC45EDB3E1B7}"
EndProject
Global
	GlobalSection(SolutionConfigurationPlatforms) = preSolution
		Debug|Any CPU = Debug|Any CPU
		Release|Any CPU = Release|Any CPU
	EndGlobalSection
	GlobalSection(ProjectConfigurationPlatforms) = postSolution
		{DD320C7B-D68C-4DF1-A744-FC45EDB3E1B7}.Debug|Any CPU.ActiveCfg = Debug|Any CPU
		{DD320C7B-D68C-4DF1-A744-FC45EDB3E1B7}.Debug|Any CPU.Build.0 = Debug|Any CPU
		{DD320C7B-D68C-4DF1-A744-FC45EDB3E1B7}.Release|Any CPU.ActiveCfg = Release|Any CPU
		{DD320C7B-D68C-4DF1-A744-FC45EDB3E1B7}.Release|Any CPU.Build.0 = Release|Any CPU
	EndGlobalSection
	GlobalSection(SolutionProperties) = preSolution
		HideSolutionNode = FALSE
	EndGlobalSection
	GlobalSection(ExtensibilityGlobals) = postSolution
		SolutionGuid = {F0E9BBDA-3E7D-4C4B-90F0-C8B190195C99}
	EndGlobalSection
EndGlobal
